
Microsoft Visual Studio Solution File, Format Version 12.00
# Visual Studio Version 16
VisualStudioVersion = 16.0.32106.194
MinimumVisualStudioVersion = 10.0.40219.1
Project("{FAE04EC0-301F-11D3-BF4B-00C04F79EFBC}") = "NcipBase", "NcipBase\NcipBase.csproj", "{49E5F78D-BEED-4E55-9052-C5654609131E}"
EndProject
Project("{FAE04EC0-301F-11D3-BF4B-00C04F79EFBC}") = "WindowsFormsApp1", "WindowsFormsApp1\WindowsFormsApp1.csproj", "{0420CF0C-E0E1-42E6-805A-A4E854348EDF}"
EndProject
Global
	GlobalSection(SolutionConfigurationPlatforms) = preSolution
		Debug|Any CPU = Debug|Any CPU
		Release|Any CPU = Release|Any CPU
	EndGlobalSection
	GlobalSection(ProjectConfigurationPlatforms) = postSolution
		{49E5F78D-BEED-4E55-9052-C5654609131E}.Debug|Any CPU.ActiveCfg = Debug|Any CPU
		{49E5F78D-BEED-4E55-9052-C5654609131E}.Debug|Any CPU.Build.0 = Debug|Any CPU
		{49E5F78D-BEED-4E55-9052-C5654609131E}.Release|Any CPU.ActiveCfg = Release|Any CPU
		{49E5F78D-BEED-4E55-9052-C5654609131E}.Release|Any CPU.Build.0 = Release|Any CPU
		{0420CF0C-E0E1-42E6-805A-A4E854348EDF}.Debug|Any CPU.ActiveCfg = Debug|Any CPU
		{0420CF0C-E0E1-42E6-805A-A4E854348EDF}.Debug|Any CPU.Build.0 = Debug|Any CPU
		{0420CF0C-E0E1-42E6-805A-A4E854348EDF}.Release|Any CPU.ActiveCfg = Release|Any CPU
		{0420CF0C-E0E1-42E6-805A-A4E854348EDF}.Release|Any CPU.Build.0 = Release|Any CPU
	EndGlobalSection
	GlobalSection(SolutionProperties) = preSolution
		HideSolutionNode = FALSE
	EndGlobalSection
	GlobalSection(ExtensibilityGlobals) = postSolution
		SolutionGuid = {142F5119-639B-44B6-9823-BB00D9F6AE07}
	EndGlobalSection
EndGlobal
